
Microsoft Visual Studio Solution File, Format Version 12.00
# Visual Studio 14
VisualStudioVersion = 14.0.25420.1
MinimumVisualStudioVersion = 10.0.40219.1
Project("{FAE04EC0-301F-11D3-BF4B-00C04F79EFBC}") = "Empadronamiento", "Empadronamiento\Empadronamiento.csproj", "{5D4E1658-3927-44BC-B244-A79DD7DCC8B0}"
EndProject
Project("{FAE04EC0-301F-11D3-BF4B-00C04F79EFBC}") = "DalSic", "DalSic\DalSic.csproj", "{E97FB9FB-0BC4-46E6-8F2F-A3C97F9ED9F5}"
EndProject
Project("{FAE04EC0-301F-11D3-BF4B-00C04F79EFBC}") = "DalPadron", "DalPadron\DalPadron.csproj", "{19277492-BC8F-42D9-BB44-5A90B034E473}"
EndProject
Global
	GlobalSection(SolutionConfigurationPlatforms) = preSolution
		Debug|Any CPU = Debug|Any CPU
		Release|Any CPU = Release|Any CPU
	EndGlobalSection
	GlobalSection(ProjectConfigurationPlatforms) = postSolution
		{5D4E1658-3927-44BC-B244-A79DD7DCC8B0}.Debug|Any CPU.ActiveCfg = Debug|Any CPU
		{5D4E1658-3927-44BC-B244-A79DD7DCC8B0}.Debug|Any CPU.Build.0 = Debug|Any CPU
		{5D4E1658-3927-44BC-B244-A79DD7DCC8B0}.Release|Any CPU.ActiveCfg = Release|Any CPU
		{5D4E1658-3927-44BC-B244-A79DD7DCC8B0}.Release|Any CPU.Build.0 = Release|Any CPU
		{E97FB9FB-0BC4-46E6-8F2F-A3C97F9ED9F5}.Debug|Any CPU.ActiveCfg = Debug|Any CPU
		{E97FB9FB-0BC4-46E6-8F2F-A3C97F9ED9F5}.Debug|Any CPU.Build.0 = Debug|Any CPU
		{E97FB9FB-0BC4-46E6-8F2F-A3C97F9ED9F5}.Release|Any CPU.ActiveCfg = Release|Any CPU
		{E97FB9FB-0BC4-46E6-8F2F-A3C97F9ED9F5}.Release|Any CPU.Build.0 = Release|Any CPU
		{19277492-BC8F-42D9-BB44-5A90B034E473}.Debug|Any CPU.ActiveCfg = Debug|Any CPU
		{19277492-BC8F-42D9-BB44-5A90B034E473}.Debug|Any CPU.Build.0 = Debug|Any CPU
		{19277492-BC8F-42D9-BB44-5A90B034E473}.Release|Any CPU.ActiveCfg = Release|Any CPU
		{19277492-BC8F-42D9-BB44-5A90B034E473}.Release|Any CPU.Build.0 = Release|Any CPU
	EndGlobalSection
	GlobalSection(SolutionProperties) = preSolution
		HideSolutionNode = FALSE
	EndGlobalSection
EndGlobal
